Microsoft Visual Studio Solution File, Format Version 11.00
# Visual Studio 2008

Project("{0FAF10B3-6E11-D98A-6D91-942BE22D1709}") = "nuotio", "Assembly-CSharp-firstpass.csproj", "{A7CAF588-761A-5F73-6CA5-BEE250197EB7}"
EndProject
Project("{0FAF10B3-6E11-D98A-6D91-942BE22D1709}") = "nuotio", "Assembly-UnityScript-firstpass.unityproj", "{523A80AB-E52F-D1B2-4150-326E5127A281}"
EndProject
Project("{0FAF10B3-6E11-D98A-6D91-942BE22D1709}") = "nuotio", "Assembly-UnityScript.unityproj", "{FEA53465-6258-4E2D-C473-01BEF8DF1D2D}"
EndProject
Global
	GlobalSection(SolutionConfigurationPlatforms) = preSolution
		Debug|Any CPU = Debug|Any CPU
		Release|Any CPU = Release|Any CPU
	EndGlobalSection
	GlobalSection(ProjectConfigurationPlatforms) = postSolution
		{A7CAF588-761A-5F73-6CA5-BEE250197EB7}.Debug|Any CPU.ActiveCfg = Debug|Any CPU
		{A7CAF588-761A-5F73-6CA5-BEE250197EB7}.Debug|Any CPU.Build.0 = Debug|Any CPU
		{A7CAF588-761A-5F73-6CA5-BEE250197EB7}.Release|Any CPU.ActiveCfg = Release|Any CPU
		{A7CAF588-761A-5F73-6CA5-BEE250197EB7}.Release|Any CPU.Build.0 = Release|Any CPU
		{523A80AB-E52F-D1B2-4150-326E5127A281}.Debug|Any CPU.ActiveCfg = Debug|Any CPU
		{523A80AB-E52F-D1B2-4150-326E5127A281}.Debug|Any CPU.Build.0 = Debug|Any CPU
		{523A80AB-E52F-D1B2-4150-326E5127A281}.Release|Any CPU.ActiveCfg = Release|Any CPU
		{523A80AB-E52F-D1B2-4150-326E5127A281}.Release|Any CPU.Build.0 = Release|Any CPU
		{FEA53465-6258-4E2D-C473-01BEF8DF1D2D}.Debug|Any CPU.ActiveCfg = Debug|Any CPU
		{FEA53465-6258-4E2D-C473-01BEF8DF1D2D}.Debug|Any CPU.Build.0 = Debug|Any CPU
		{FEA53465-6258-4E2D-C473-01BEF8DF1D2D}.Release|Any CPU.ActiveCfg = Release|Any CPU
		{FEA53465-6258-4E2D-C473-01BEF8DF1D2D}.Release|Any CPU.Build.0 = Release|Any CPU
	EndGlobalSection
	GlobalSection(SolutionProperties) = preSolution
		HideSolutionNode = FALSE
	EndGlobalSection
						GlobalSection(MonoDevelopProperties) = preSolution
		StartupItem = Assembly-CSharp.csproj
		Policies = $0
		$0.TextStylePolicy = $1
		$1.inheritsSet = null
		$1.scope = text/x-csharp
		$0.CSharpFormattingPolicy = $2
		$2.inheritsSet = Mono
		$2.inheritsScope = text/x-csharp
		$2.scope = text/x-csharp
		$0.TextStylePolicy = $3
		$3.FileWidth = 120
		$3.TabWidth = 4
		$3.EolMarker = Unix
		$3.inheritsSet = Mono
		$3.inheritsScope = text/plain
		$3.scope = text/plain
	EndGlobalSection

EndGlobal
